
Microsoft Visual Studio Solution File, Format Version 12.00
# Visual Studio Version 17
VisualStudioVersion = 17.14.36518.9 d17.14
MinimumVisualStudioVersion = 10.0.40219.1
Project("{FAE04EC0-301F-11D3-BF4B-00C04F79EFBC}") = "BMI", "BMI\BMI.csproj", "{80EA354A-25C5-4B29-8C03-2CCCAD3DF22B}"
EndProject
Global
	GlobalSection(SolutionConfigurationPlatforms) = preSolution
		Debug|Any CPU = Debug|Any CPU
		Release|Any CPU = Release|Any CPU
	EndGlobalSection
	GlobalSection(ProjectConfigurationPlatforms) = postSolution
		{80EA354A-25C5-4B29-8C03-2CCCAD3DF22B}.Debug|Any CPU.ActiveCfg = Debug|Any CPU
		{80EA354A-25C5-4B29-8C03-2CCCAD3DF22B}.Debug|Any CPU.Build.0 = Debug|Any CPU
		{80EA354A-25C5-4B29-8C03-2CCCAD3DF22B}.Release|Any CPU.ActiveCfg = Release|Any CPU
		{80EA354A-25C5-4B29-8C03-2CCCAD3DF22B}.Release|Any CPU.Build.0 = Release|Any CPU
	EndGlobalSection
	GlobalSection(SolutionProperties) = preSolution
		HideSolutionNode = FALSE
	EndGlobalSection
	GlobalSection(ExtensibilityGlobals) = postSolution
		SolutionGuid = {19656040-6C7C-40A2-A9D1-01D27997E88B}
	EndGlobalSection
EndGlobal
